
Microsoft Visual Studio Solution File, Format Version 12.00
# Visual Studio 14
VisualStudioVersion = 14.0.22231.1
MinimumVisualStudioVersion = 10.0.40219.1
Project("{2150E333-8FDC-42A3-9474-1A3956D46DE8}") = "src", "src", "{4A548E8E-8710-406E-8A4E-AEDCF67FF428}"
EndProject
Project("{8BB2217D-0F2D-49D1-97BC-3654ED321F3B}") = "DependencyInjectionDemo", "src\DependencyInjectionDemo\DependencyInjectionDemo.kproj", "{E2F13343-E907-46CA-AE97-2F361D92AA83}"
EndProject
Project("{2150E333-8FDC-42A3-9474-1A3956D46DE8}") = "Solution Items", "Solution Items", "{A54556A1-8199-4A73-873C-638657659666}"
	ProjectSection(SolutionItems) = preProject
		global.json = global.json
	EndProjectSection
EndProject
Project("{2150E333-8FDC-42A3-9474-1A3956D46DE8}") = ".nuget", ".nuget", "{8DD1BB61-0E6C-49E2-8B94-6C3B0DCDF735}"
	ProjectSection(SolutionItems) = preProject
		.nuget\packages.config = .nuget\packages.config
	EndProjectSection
EndProject
Global
	GlobalSection(SolutionConfigurationPlatforms) = preSolution
		Debug|Any CPU = Debug|Any CPU
		Release|Any CPU = Release|Any CPU
	EndGlobalSection
	GlobalSection(ProjectConfigurationPlatforms) = postSolution
		{E2F13343-E907-46CA-AE97-2F361D92AA83}.Debug|Any CPU.ActiveCfg = Debug|Any CPU
		{E2F13343-E907-46CA-AE97-2F361D92AA83}.Debug|Any CPU.Build.0 = Debug|Any CPU
		{E2F13343-E907-46CA-AE97-2F361D92AA83}.Release|Any CPU.ActiveCfg = Release|Any CPU
		{E2F13343-E907-46CA-AE97-2F361D92AA83}.Release|Any CPU.Build.0 = Release|Any CPU
	EndGlobalSection
	GlobalSection(SolutionProperties) = preSolution
		HideSolutionNode = FALSE
	EndGlobalSection
	GlobalSection(NestedProjects) = preSolution
		{E2F13343-E907-46CA-AE97-2F361D92AA83} = {4A548E8E-8710-406E-8A4E-AEDCF67FF428}
	EndGlobalSection
EndGlobal
